github.com/emersion/go-vcard v0.0.0-20241024213814-c9703dde27ff h1:4N8wnS3f1hNHSmFD5zgFkWCyA4L1kCDkImPAtK7D6tg=
github.com/emersion/go-vcard v0.0.0-20241024213814-c9703dde27ff/go.mod h1:HMJKR5wlh/ziNp+sHEDV2ltblO4JD2+IdDOWtGcQBTM=
github.com/go-asn1-ber/asn1-ber v1.3.1/go.mod h1:hEBeB/ic+5LoWskz+yKT7vGhhPYkProFKoKdwZRWMe0=
github.com/go-asn1-ber/asn1-ber v1.4.1 h1:qP/QDxOtmMoJVgXHCXNzDpA0+wkgYB2x5QoLMVOciyw=
github.com/go-asn1-ber/asn1-ber v1.4.1/go.mod h1:hEBeB/ic+5LoWskz+yKT7vGhhPYkProFKoKdwZRWMe0=
github.com/go-ldap/ldap/v3 v3.1.7 h1:aHjuWTgZsnxjMgqzx0JHwNqz4jBYZTcNarbPFkW1Oww=
github.com/go-ldap/ldap/v3 v3.1.7/go.mod h1:5Zun81jBTabRaI8lzN7E1JjyEl1g6zI6u9pd8luAK4Q=
github.com/go-ldap/ldif v0.0.0-20250910174327-aa3bc3095c92 h1:Eu8/ko8bvygFvum/PWUg5JrGQuWYNahEph8r3SErkSM=
github.com/go-ldap/ldif v0.0.0-20250910174327-aa3bc3095c92/go.mod h1:F640vUoSS6Qg4nmesnVfHeZSJ0ArdMJ9eb0xB7wcitU=
github.com/gocarina/gocsv v0.0.0-20240520201108-78e41c74b4b1 h1:FWNFq4fM1wPfcK40yHE5UO3RUdSNPaBC+j3PokzA6OQ=
github.com/gocarina/gocsv v0.0.0-20240520201108-78e41c74b4b1/go.mod h1:5YoVOkjYAQumqlV356Hj3xeYh4BdZuLE0/nRkf2NKkI=
github.com/mattn/go-sqlite3 v1.14.44 h1:3VSe+xafpbzsLbdr2AWlAZk9yRHiBhTBakioXaCKTF8=
github.com/mattn/go-sqlite3 v1.14.44/go.mod h1:pjEuOr8IwzLJP2MfGeTb0A35jauH+C2kbHKBr7yXKVQ=
